
Microsoft Visual Studio Solution File, Format Version 12.00
# Visual Studio Version 17
VisualStudioVersion = 17.0.31903.59
MinimumVisualStudioVersion = 10.0.40219.1
Project("{FAE04EC0-301F-11D3-BF4B-00C04F79EFBC}") = "Lab08", "Lab08\Lab08.csproj", "{EA87B529-02ED-4A83-BAD1-01ACE442058B}"
EndProject
Project("{FAE04EC0-301F-11D3-BF4B-00C04F79EFBC}") = "Lab08.Tests", "Lab08.Tests\Lab08.Tests.csproj", "{F93B8743-5A73-4E87-A6B1-3C02A7FF3F7F}"
EndProject
Project("{FAE04EC0-301F-11D3-BF4B-00C04F79EFBC}") = "Lab08.Main", "Lab08.Main\Lab08.Main.csproj", "{BE95AE4C-D8A5-4CB0-96DD-06FA21E13126}"
EndProject
Global
	GlobalSection(SolutionConfigurationPlatforms) = preSolution
		Debug|Any CPU = Debug|Any CPU
		Release|Any CPU = Release|Any CPU
	EndGlobalSection
	GlobalSection(SolutionProperties) = preSolution
		HideSolutionNode = FALSE
	EndGlobalSection
	GlobalSection(ProjectConfigurationPlatforms) = postSolution
		{EA87B529-02ED-4A83-BAD1-01ACE442058B}.Debug|Any CPU.ActiveCfg = Debug|Any CPU
		{EA87B529-02ED-4A83-BAD1-01ACE442058B}.Debug|Any CPU.Build.0 = Debug|Any CPU
		{EA87B529-02ED-4A83-BAD1-01ACE442058B}.Release|Any CPU.ActiveCfg = Release|Any CPU
		{EA87B529-02ED-4A83-BAD1-01ACE442058B}.Release|Any CPU.Build.0 = Release|Any CPU
		{F93B8743-5A73-4E87-A6B1-3C02A7FF3F7F}.Debug|Any CPU.ActiveCfg = Debug|Any CPU
		{F93B8743-5A73-4E87-A6B1-3C02A7FF3F7F}.Debug|Any CPU.Build.0 = Debug|Any CPU
		{F93B8743-5A73-4E87-A6B1-3C02A7FF3F7F}.Release|Any CPU.ActiveCfg = Release|Any CPU
		{F93B8743-5A73-4E87-A6B1-3C02A7FF3F7F}.Release|Any CPU.Build.0 = Release|Any CPU
		{BE95AE4C-D8A5-4CB0-96DD-06FA21E13126}.Debug|Any CPU.ActiveCfg = Debug|Any CPU
		{BE95AE4C-D8A5-4CB0-96DD-06FA21E13126}.Debug|Any CPU.Build.0 = Debug|Any CPU
		{BE95AE4C-D8A5-4CB0-96DD-06FA21E13126}.Release|Any CPU.ActiveCfg = Release|Any CPU
		{BE95AE4C-D8A5-4CB0-96DD-06FA21E13126}.Release|Any CPU.Build.0 = Release|Any CPU
	EndGlobalSection
EndGlobal
