
Microsoft Visual Studio Solution File, Format Version 12.00
# Visual Studio Version 17
VisualStudioVersion = 17.9.34723.18
MinimumVisualStudioVersion = 10.0.40219.1
Project("{9A19103F-16F7-4668-BE54-9A1E7A4F7556}") = "WpfApp1", "WpfApp1\WpfApp1.csproj", "{051B258C-23F5-4D09-9EDA-3FA1A1E2C9E5}"
EndProject
Global
	GlobalSection(SolutionConfigurationPlatforms) = preSolution
		Debug|Any CPU = Debug|Any CPU
		Release|Any CPU = Release|Any CPU
	EndGlobalSection
	GlobalSection(ProjectConfigurationPlatforms) = postSolution
		{051B258C-23F5-4D09-9EDA-3FA1A1E2C9E5}.Debug|Any CPU.ActiveCfg = Debug|Any CPU
		{051B258C-23F5-4D09-9EDA-3FA1A1E2C9E5}.Debug|Any CPU.Build.0 = Debug|Any CPU
		{051B258C-23F5-4D09-9EDA-3FA1A1E2C9E5}.Release|Any CPU.ActiveCfg = Release|Any CPU
		{051B258C-23F5-4D09-9EDA-3FA1A1E2C9E5}.Release|Any CPU.Build.0 = Release|Any CPU
	EndGlobalSection
	GlobalSection(SolutionProperties) = preSolution
		HideSolutionNode = FALSE
	EndGlobalSection
	GlobalSection(ExtensibilityGlobals) = postSolution
		SolutionGuid = {589A4104-35AA-4F5C-8E2F-08CBB70E1C82}
	EndGlobalSection
EndGlobal
